// !$*UTF8*$!
{
	archiveVersion = 1;
	classes = {
	};
	objectVersion = 54;
	objects = {

/* Begin PBXBuildFile section */
		B905891D230233B800491105 /* UIView+Subviews.swift in Sources */ = {isa = PBXBuildFile; fileRef = B905891C230233B800491105 /* UIView+Subviews.swift */; };
		B905891E230233BC00491105 /* UIView+Subviews.swift in Sources */ = {isa = PBXBuildFile; fileRef = B905891C230233B800491105 /* UIView+Subviews.swift */; };
		B933818725CDD4F200618FFD /* CountryPickerViewController+DisplayState.swift in Sources */ = {isa = PBXBuildFile; fileRef = B933818625CDD4F200618FFD /* CountryPickerViewController+DisplayState.swift */; };
		B933818825CDD4F200618FFD /* CountryPickerViewController+DisplayState.swift in Sources */ = {isa = PBXBuildFile; fileRef = B933818625CDD4F200618FFD /* CountryPickerViewController+DisplayState.swift */; };
		B933820425CDE65900618FFD /* CustomTextField.swift in Sources */ = {isa = PBXBuildFile; fileRef = B933820325CDE65900618FFD /* CustomTextField.swift */; };
		B933820525CDE65900618FFD /* CustomTextField.swift in Sources */ = {isa = PBXBuildFile; fileRef = B933820325CDE65900618FFD /* CustomTextField.swift */; };
		B93D76DD23E4691300E41863 /* CustomSearchBar.swift in Sources */ = {isa = PBXBuildFile; fileRef = B93D76DC23E4691300E41863 /* CustomSearchBar.swift */; };
		B93D76E723E4A66600E41863 /* CustomSearchBar.swift in Sources */ = {isa = PBXBuildFile; fileRef = B93D76DC23E4691300E41863 /* CustomSearchBar.swift */; };
		B94B1AF921CD38B400FF1B72 /* Country.swift in Sources */ = {isa = PBXBuildFile; fileRef = B9F8788F21CD28EC00273F82 /* Country.swift */; };
		B94B1AFA21CD38B400FF1B72 /* CountryList.swift in Sources */ = {isa = PBXBuildFile; fileRef = B9F8788E21CD28EC00273F82 /* CountryList.swift */; };
		B94B1AFB21CD38B400FF1B72 /* Configurable.swift in Sources */ = {isa = PBXBuildFile; fileRef = B9F8789421CD28EC00273F82 /* Configurable.swift */; };
		B94B1AFC21CD38B400FF1B72 /* CountryCell.swift in Sources */ = {isa = PBXBuildFile; fileRef = B9F8789321CD28EC00273F82 /* CountryCell.swift */; };
		B94B1AFD21CD38B400FF1B72 /* CountryPickerViewController.swift in Sources */ = {isa = PBXBuildFile; fileRef = B9F8789221CD28EC00273F82 /* CountryPickerViewController.swift */; };
		B94B1AFE21CD38B400FF1B72 /* ColumbusMain.swift in Sources */ = {isa = PBXBuildFile; fileRef = B9F8789021CD28EC00273F82 /* ColumbusMain.swift */; };
		B94B1AFF21CD38B400FF1B72 /* CountryView.swift in Sources */ = {isa = PBXBuildFile; fileRef = B9F8789121CD28EC00273F82 /* CountryView.swift */; };
		B96D495D21CD3DC20010E69B /* Countries.json in Resources */ = {isa = PBXBuildFile; fileRef = B9F8789721CD28EC00273F82 /* Countries.json */; };
		B9A4A65721D0F409001FF5DC /* Resources.bundle in Resources */ = {isa = PBXBuildFile; fileRef = B96D496221CD3DC20010E69B /* Resources.bundle */; };
		B9A4A65A21D0FC14001FF5DC /* ColumbusTests.swift in Sources */ = {isa = PBXBuildFile; fileRef = B9A4A65921D0FC14001FF5DC /* ColumbusTests.swift */; };
		B9A4A65B21D0FC14001FF5DC /* ColumbusTests.swift in Sources */ = {isa = PBXBuildFile; fileRef = B9A4A65921D0FC14001FF5DC /* ColumbusTests.swift */; };
		B9A4A67321D145EB001FF5DC /* Countries.json in Resources */ = {isa = PBXBuildFile; fileRef = B9F8789721CD28EC00273F82 /* Countries.json */; };
		B9A4A67D21D146A1001FF5DC /* Resources.bundle in Resources */ = {isa = PBXBuildFile; fileRef = B9A4A67821D145EB001FF5DC /* Resources.bundle */; };
		B9CAAB1425E1BEB4004BA1BF /* EmptyDecodable.swift in Sources */ = {isa = PBXBuildFile; fileRef = B9CAAB1325E1BEB4004BA1BF /* EmptyDecodable.swift */; };
		B9CAAB1525E1BEB4004BA1BF /* EmptyDecodable.swift in Sources */ = {isa = PBXBuildFile; fileRef = B9CAAB1325E1BEB4004BA1BF /* EmptyDecodable.swift */; };
		B9DB66ED21DF924600E9BB35 /* Columbus.framework in Frameworks */ = {isa = PBXBuildFile; fileRef = B94B1B0621CD38B400FF1B72 /* Columbus.framework */; };
		B9F8789C21CD28EC00273F82 /* CountryList.swift in Sources */ = {isa = PBXBuildFile; fileRef = B9F8788E21CD28EC00273F82 /* CountryList.swift */; };
		B9F8789D21CD28EC00273F82 /* Country.swift in Sources */ = {isa = PBXBuildFile; fileRef = B9F8788F21CD28EC00273F82 /* Country.swift */; };
		B9F8789E21CD28EC00273F82 /* ColumbusMain.swift in Sources */ = {isa = PBXBuildFile; fileRef = B9F8789021CD28EC00273F82 /* ColumbusMain.swift */; };
		B9F8789F21CD28EC00273F82 /* CountryView.swift in Sources */ = {isa = PBXBuildFile; fileRef = B9F8789121CD28EC00273F82 /* CountryView.swift */; };
		B9F878A021CD28EC00273F82 /* CountryPickerViewController.swift in Sources */ = {isa = PBXBuildFile; fileRef = B9F8789221CD28EC00273F82 /* CountryPickerViewController.swift */; };
		B9F878A121CD28EC00273F82 /* CountryCell.swift in Sources */ = {isa = PBXBuildFile; fileRef = B9F8789321CD28EC00273F82 /* CountryCell.swift */; };
		B9F878A221CD28EC00273F82 /* Configurable.swift in Sources */ = {isa = PBXBuildFile; fileRef = B9F8789421CD28EC00273F82 /* Configurable.swift */; };
		B9F878B121CD2A4E00273F82 /* Columbus.framework in Frameworks */ = {isa = PBXBuildFile; fileRef = B9F8788321CD28A200273F82 /* Columbus.framework */; };
/* End PBXBuildFile section */

/* Begin PBXContainerItemProxy section */
		B96D496421CD3E4C0010E69B /* PBXContainerItemProxy */ = {
			isa = PBXContainerItemProxy;
			containerPortal = 607FACC81AFB9204008FA782 /* Project object */;
			proxyType = 1;
			remoteGlobalIDString = B96D495921CD3DC20010E69B;
			remoteInfo = "Resources-iOS";
		};
		B9A4A67E21D1483C001FF5DC /* PBXContainerItemProxy */ = {
			isa = PBXContainerItemProxy;
			containerPortal = 607FACC81AFB9204008FA782 /* Project object */;
			proxyType = 1;
			remoteGlobalIDString = B9A4A66F21D145EB001FF5DC;
			remoteInfo = "Resources-tvOS";
		};
		B9DB81FE21D0EE7800A39677 /* PBXContainerItemProxy */ = {
			isa = PBXContainerItemProxy;
			containerPortal = 607FACC81AFB9204008FA782 /* Project object */;
			proxyType = 1;
			remoteGlobalIDString = B94B1AF421CD38B400FF1B72;
			remoteInfo = "Columbus-tvOS";
		};
		B9F878B221CD2A4E00273F82 /* PBXContainerItemProxy */ = {
			isa = PBXContainerItemProxy;
			containerPortal = 607FACC81AFB9204008FA782 /* Project object */;
			proxyType = 1;
			remoteGlobalIDString = B9F8788221CD28A200273F82;
			remoteInfo = Columbus;
		};
/* End PBXContainerItemProxy section */

/* Begin PBXFileReference section */
		B905891C230233B800491105 /* UIView+Subviews.swift */ = {isa = PBXFileReference; lastKnownFileType = sourcecode.swift; path = "UIView+Subviews.swift"; sourceTree = "<group>"; };
		B933818625CDD4F200618FFD /* CountryPickerViewController+DisplayState.swift */ = {isa = PBXFileReference; lastKnownFileType = sourcecode.swift; path = "CountryPickerViewController+DisplayState.swift"; sourceTree = "<group>"; };
		B933820325CDE65900618FFD /* CustomTextField.swift */ = {isa = PBXFileReference; lastKnownFileType = sourcecode.swift; path = CustomTextField.swift; sourceTree = "<group>"; };
		B93D76DC23E4691300E41863 /* CustomSearchBar.swift */ = {isa = PBXFileReference; lastKnownFileType = sourcecode.swift; path = CustomSearchBar.swift; sourceTree = "<group>"; };
		B94B1B0621CD38B400FF1B72 /* Columbus.framework */ = {isa = PBXFileReference; explicitFileType = wrapper.framework; includeInIndex = 0; path = Columbus.framework; sourceTree = BUILT_PRODUCTS_DIR; };
		B96D496221CD3DC20010E69B /* Resources.bundle */ = {isa = PBXFileReference; explicitFileType = wrapper.cfbundle; includeInIndex = 0; path = Resources.bundle; sourceTree = BUILT_PRODUCTS_DIR; };
		B9A4A65921D0FC14001FF5DC /* ColumbusTests.swift */ = {isa = PBXFileReference; lastKnownFileType = sourcecode.swift; path = ColumbusTests.swift; sourceTree = "<group>"; };
		B9A4A67821D145EB001FF5DC /* Resources.bundle */ = {isa = PBXFileReference; explicitFileType = wrapper.cfbundle; includeInIndex = 0; path = Resources.bundle; sourceTree = BUILT_PRODUCTS_DIR; };
		B9CAAB1325E1BEB4004BA1BF /* EmptyDecodable.swift */ = {isa = PBXFileReference; lastKnownFileType = sourcecode.swift; path = EmptyDecodable.swift; sourceTree = "<group>"; };
		B9DB81FC21D0E9F500A39677 /* Columbus-tvOS-Tests.xctest */ = {isa = PBXFileReference; explicitFileType = wrapper.cfbundle; includeInIndex = 0; path = "Columbus-tvOS-Tests.xctest"; sourceTree = BUILT_PRODUCTS_DIR; };
		B9F8787821CD27FE00273F82 /* LICENSE */ = {isa = PBXFileReference; lastKnownFileType = text; path = LICENSE; sourceTree = "<group>"; };
		B9F8787921CD27FE00273F82 /* Gemfile */ = {isa = PBXFileReference; lastKnownFileType = text; path = Gemfile; sourceTree = "<group>"; };
		B9F8787A21CD27FE00273F82 /* Columbus.podspec */ = {isa = PBXFileReference; lastKnownFileType = text; path = Columbus.podspec; sourceTree = "<group>"; };
		B9F8787B21CD27FE00273F82 /* README.md */ = {isa = PBXFileReference; lastKnownFileType = net.daringfireball.markdown; path = README.md; sourceTree = "<group>"; };
		B9F8787C21CD27FE00273F82 /* CHANGELOG.md */ = {isa = PBXFileReference; lastKnownFileType = net.daringfireball.markdown; path = CHANGELOG.md; sourceTree = "<group>"; };
		B9F8787D21CD27FE00273F82 /* AUTHORS */ = {isa = PBXFileReference; lastKnownFileType = text; path = AUTHORS; sourceTree = "<group>"; };
		B9F8788321CD28A200273F82 /* Columbus.framework */ = {isa = PBXFileReference; explicitFileType = wrapper.framework; includeInIndex = 0; path = Columbus.framework; sourceTree = BUILT_PRODUCTS_DIR; };
		B9F8788E21CD28EC00273F82 /* CountryList.swift */ = {isa = PBXFileReference; fileEncoding = 4; lastKnownFileType = sourcecode.swift; path = CountryList.swift; sourceTree = "<group>"; };
		B9F8788F21CD28EC00273F82 /* Country.swift */ = {isa = PBXFileReference; fileEncoding = 4; lastKnownFileType = sourcecode.swift; path = Country.swift; sourceTree = "<group>"; };
		B9F8789021CD28EC00273F82 /* ColumbusMain.swift */ = {isa = PBXFileReference; fileEncoding = 4; lastKnownFileType = sourcecode.swift; path = ColumbusMain.swift; sourceTree = "<group>"; };
		B9F8789121CD28EC00273F82 /* CountryView.swift */ = {isa = PBXFileReference; fileEncoding = 4; lastKnownFileType = sourcecode.swift; path = CountryView.swift; sourceTree = "<group>"; };
		B9F8789221CD28EC00273F82 /* CountryPickerViewController.swift */ = {isa = PBXFileReference; fileEncoding = 4; lastKnownFileType = sourcecode.swift; path = CountryPickerViewController.swift; sourceTree = "<group>"; };
		B9F8789321CD28EC00273F82 /* CountryCell.swift */ = {isa = PBXFileReference; fileEncoding = 4; lastKnownFileType = sourcecode.swift; path = CountryCell.swift; sourceTree = "<group>"; };
		B9F8789421CD28EC00273F82 /* Configurable.swift */ = {isa = PBXFileReference; fileEncoding = 4; lastKnownFileType = sourcecode.swift; path = Configurable.swift; sourceTree = "<group>"; };
		B9F8789721CD28EC00273F82 /* Countries.json */ = {isa = PBXFileReference; fileEncoding = 4; lastKnownFileType = text.json; path = Countries.json; sourceTree = "<group>"; };
		B9F8789921CD28EC00273F82 /* Info.plist */ = {isa = PBXFileReference; fileEncoding = 4; lastKnownFileType = text.plist.xml; path = Info.plist; sourceTree = "<group>"; };
		B9F8789A21CD28EC00273F82 /* Columbus.h */ = {isa = PBXFileReference; fileEncoding = 4; lastKnownFileType = sourcecode.c.h; path = Columbus.h; sourceTree = "<group>"; };
		B9F878AC21CD2A4D00273F82 /* Columbus-iOS-Tests.xctest */ = {isa = PBXFileReference; explicitFileType = wrapper.cfbundle; includeInIndex = 0; path = "Columbus-iOS-Tests.xctest"; sourceTree = BUILT_PRODUCTS_DIR; };
		B9F878B721CD2AB200273F82 /* Info.plist */ = {isa = PBXFileReference; fileEncoding = 4; lastKnownFileType = text.plist.xml; path = Info.plist; sourceTree = "<group>"; };
		B9F8793721CD320600273F82 /* Info.plist */ = {isa = PBXFileReference; lastKnownFileType = text.plist.xml; path = Info.plist; sourceTree = "<group>"; };
/* End PBXFileReference section */

/* Begin PBXFrameworksBuildPhase section */
		B94B1B0021CD38B400FF1B72 /* Frameworks */ = {
			isa = PBXFrameworksBuildPhase;
			buildActionMask = 2147483647;
			files = (
			);
			runOnlyForDeploymentPostprocessing = 0;
		};
		B96D495B21CD3DC20010E69B /* Frameworks */ = {
			isa = PBXFrameworksBuildPhase;
			buildActionMask = 2147483647;
			files = (
			);
			runOnlyForDeploymentPostprocessing = 0;
		};
		B9A4A67121D145EB001FF5DC /* Frameworks */ = {
			isa = PBXFrameworksBuildPhase;
			buildActionMask = 2147483647;
			files = (
			);
			runOnlyForDeploymentPostprocessing = 0;
		};
		B9DB81F421D0E9F500A39677 /* Frameworks */ = {
			isa = PBXFrameworksBuildPhase;
			buildActionMask = 2147483647;
			files = (
				B9DB66ED21DF924600E9BB35 /* Columbus.framework in Frameworks */,
			);
			runOnlyForDeploymentPostprocessing = 0;
		};
		B9F8788021CD28A200273F82 /* Frameworks */ = {
			isa = PBXFrameworksBuildPhase;
			buildActionMask = 2147483647;
			files = (
			);
			runOnlyForDeploymentPostprocessing = 0;
		};
		B9F878A921CD2A4D00273F82 /* Frameworks */ = {
			isa = PBXFrameworksBuildPhase;
			buildActionMask = 2147483647;
			files = (
				B9F878B121CD2A4E00273F82 /* Columbus.framework in Frameworks */,
			);
			runOnlyForDeploymentPostprocessing = 0;
		};
/* End PBXFrameworksBuildPhase section */

/* Begin PBXGroup section */
		607FACC71AFB9204008FA782 = {
			isa = PBXGroup;
			children = (
				607FACF51AFB993E008FA782 /* Metadata */,
				B9F8788B21CD28EC00273F82 /* Source */,
				607FACE81AFB9204008FA782 /* Tests */,
				607FACD11AFB9204008FA782 /* Products */,
				799CEB9EFAE19AD086AA53E6 /* Frameworks */,
			);
			sourceTree = "<group>";
		};
		607FACD11AFB9204008FA782 /* Products */ = {
			isa = PBXGroup;
			children = (
				B9F8788321CD28A200273F82 /* Columbus.framework */,
				B9F878AC21CD2A4D00273F82 /* Columbus-iOS-Tests.xctest */,
				B94B1B0621CD38B400FF1B72 /* Columbus.framework */,
				B96D496221CD3DC20010E69B /* Resources.bundle */,
				B9DB81FC21D0E9F500A39677 /* Columbus-tvOS-Tests.xctest */,
				B9A4A67821D145EB001FF5DC /* Resources.bundle */,
			);
			name = Products;
			sourceTree = "<group>";
		};
		607FACE81AFB9204008FA782 /* Tests */ = {
			isa = PBXGroup;
			children = (
				B9A4A65921D0FC14001FF5DC /* ColumbusTests.swift */,
				607FACE91AFB9204008FA782 /* Supporting Files */,
			);
			path = Tests;
			sourceTree = "<group>";
		};
		607FACE91AFB9204008FA782 /* Supporting Files */ = {
			isa = PBXGroup;
			children = (
				B9F878B721CD2AB200273F82 /* Info.plist */,
			);
			name = "Supporting Files";
			sourceTree = "<group>";
		};
		607FACF51AFB993E008FA782 /* Metadata */ = {
			isa = PBXGroup;
			children = (
				B9F8787D21CD27FE00273F82 /* AUTHORS */,
				B9F8787921CD27FE00273F82 /* Gemfile */,
				B9F8787821CD27FE00273F82 /* LICENSE */,
				B9F8787C21CD27FE00273F82 /* CHANGELOG.md */,
				B9F8787B21CD27FE00273F82 /* README.md */,
				B9F8787A21CD27FE00273F82 /* Columbus.podspec */,
			);
			name = Metadata;
			sourceTree = "<group>";
		};
		799CEB9EFAE19AD086AA53E6 /* Frameworks */ = {
			isa = PBXGroup;
			children = (
			);
			name = Frameworks;
			sourceTree = "<group>";
		};
		B9F8788B21CD28EC00273F82 /* Source */ = {
			isa = PBXGroup;
			children = (
				B9F8789A21CD28EC00273F82 /* Columbus.h */,
				B9F8789921CD28EC00273F82 /* Info.plist */,
				B9F8788C21CD28EC00273F82 /* Classes */,
				B9F8789521CD28EC00273F82 /* Resources */,
			);
			path = Source;
			sourceTree = "<group>";
		};
		B9F8788C21CD28EC00273F82 /* Classes */ = {
			isa = PBXGroup;
			children = (
				B9F8789021CD28EC00273F82 /* ColumbusMain.swift */,
				B9F8789421CD28EC00273F82 /* Configurable.swift */,
				B9F8788F21CD28EC00273F82 /* Country.swift */,
				B9CAAB1325E1BEB4004BA1BF /* EmptyDecodable.swift */,
				B9F8789321CD28EC00273F82 /* CountryCell.swift */,
				B9F8788E21CD28EC00273F82 /* CountryList.swift */,
				B9F8789221CD28EC00273F82 /* CountryPickerViewController.swift */,
				B933818625CDD4F200618FFD /* CountryPickerViewController+DisplayState.swift */,
				B9F8789121CD28EC00273F82 /* CountryView.swift */,
				B93D76DC23E4691300E41863 /* CustomSearchBar.swift */,
				B933820325CDE65900618FFD /* CustomTextField.swift */,
				B905891C230233B800491105 /* UIView+Subviews.swift */,
			);
			path = Classes;
			sourceTree = "<group>";
		};
		B9F8789521CD28EC00273F82 /* Resources */ = {
			isa = PBXGroup;
			children = (
				B9F8793721CD320600273F82 /* Info.plist */,
				B9F8789721CD28EC00273F82 /* Countries.json */,
			);
			path = Resources;
			sourceTree = "<group>";
		};
/* End PBXGroup section */

/* Begin PBXHeadersBuildPhase section */
		B94B1AF721CD38B400FF1B72 /* Headers */ = {
			isa = PBXHeadersBuildPhase;
			buildActionMask = 2147483647;
			files = (
			);
			runOnlyForDeploymentPostprocessing = 0;
		};
		B9F8787E21CD28A200273F82 /* Headers */ = {
			isa = PBXHeadersBuildPhase;
			buildActionMask = 2147483647;
			files = (
			);
			runOnlyForDeploymentPostprocessing = 0;
		};
/* End PBXHeadersBuildPhase section */

/* Begin PBXNativeTarget section */
		B94B1AF421CD38B400FF1B72 /* Columbus-tvOS */ = {
			isa = PBXNativeTarget;
			buildConfigurationList = B94B1B0321CD38B400FF1B72 /* Build configuration list for PBXNativeTarget "Columbus-tvOS" */;
			buildPhases = (
				B902956A23E7660100269EA9 /* SwiftLint */,
				B94B1AF721CD38B400FF1B72 /* Headers */,
				B94B1AF821CD38B400FF1B72 /* Sources */,
				B94B1B0021CD38B400FF1B72 /* Frameworks */,
				B94B1B0121CD38B400FF1B72 /* Resources */,
			);
			buildRules = (
			);
			dependencies = (
				B9A4A67F21D1483C001FF5DC /* PBXTargetDependency */,
			);
			name = "Columbus-tvOS";
			productName = Columbus;
			productReference = B94B1B0621CD38B400FF1B72 /* Columbus.framework */;
			productType = "com.apple.product-type.framework";
		};
		B96D495921CD3DC20010E69B /* Resources-iOS */ = {
			isa = PBXNativeTarget;
			buildConfigurationList = B96D495F21CD3DC20010E69B /* Build configuration list for PBXNativeTarget "Resources-iOS" */;
			buildPhases = (
				B96D495A21CD3DC20010E69B /* Sources */,
				B96D495B21CD3DC20010E69B /* Frameworks */,
				B96D495C21CD3DC20010E69B /* Resources */,
			);
			buildRules = (
			);
			dependencies = (
			);
			name = "Resources-iOS";
			productName = Flags;
			productReference = B96D496221CD3DC20010E69B /* Resources.bundle */;
			productType = "com.apple.product-type.bundle";
		};
		B9A4A66F21D145EB001FF5DC /* Resources-tvOS */ = {
			isa = PBXNativeTarget;
			buildConfigurationList = B9A4A67521D145EB001FF5DC /* Build configuration list for PBXNativeTarget "Resources-tvOS" */;
			buildPhases = (
				B9A4A67021D145EB001FF5DC /* Sources */,
				B9A4A67121D145EB001FF5DC /* Frameworks */,
				B9A4A67221D145EB001FF5DC /* Resources */,
			);
			buildRules = (
			);
			dependencies = (
			);
			name = "Resources-tvOS";
			productName = Flags;
			productReference = B9A4A67821D145EB001FF5DC /* Resources.bundle */;
			productType = "com.apple.product-type.bundle";
		};
		B9DB81EE21D0E9F500A39677 /* Columbus-tvOS-Tests */ = {
			isa = PBXNativeTarget;
			buildConfigurationList = B9DB81F921D0E9F500A39677 /* Build configuration list for PBXNativeTarget "Columbus-tvOS-Tests" */;
			buildPhases = (
				B9DB81F221D0E9F500A39677 /* Sources */,
				B9DB81F421D0E9F500A39677 /* Frameworks */,
				B9DB81F721D0E9F500A39677 /* Resources */,
			);
			buildRules = (
			);
			dependencies = (
				B9DB81FF21D0EE7800A39677 /* PBXTargetDependency */,
			);
			name = "Columbus-tvOS-Tests";
			productName = ColumbusTests;
			productReference = B9DB81FC21D0E9F500A39677 /* Columbus-tvOS-Tests.xctest */;
			productType = "com.apple.product-type.bundle.unit-test";
		};
		B9F8788221CD28A200273F82 /* Columbus-iOS */ = {
			isa = PBXNativeTarget;
			buildConfigurationList = B9F8788821CD28A200273F82 /* Build configuration list for PBXNativeTarget "Columbus-iOS" */;
			buildPhases = (
				B902956923E765D300269EA9 /* SwiftLint */,
				B9F8787E21CD28A200273F82 /* Headers */,
				B9F8787F21CD28A200273F82 /* Sources */,
				B9F8788021CD28A200273F82 /* Frameworks */,
				B9F8788121CD28A200273F82 /* Resources */,
			);
			buildRules = (
			);
			dependencies = (
				B96D496521CD3E4C0010E69B /* PBXTargetDependency */,
			);
			name = "Columbus-iOS";
			productName = Columbus;
			productReference = B9F8788321CD28A200273F82 /* Columbus.framework */;
			productType = "com.apple.product-type.framework";
		};
		B9F878AB21CD2A4D00273F82 /* Columbus-iOS-Tests */ = {
			isa = PBXNativeTarget;
			buildConfigurationList = B9F878B421CD2A4E00273F82 /* Build configuration list for PBXNativeTarget "Columbus-iOS-Tests" */;
			buildPhases = (
				B9F878A821CD2A4D00273F82 /* Sources */,
				B9F878A921CD2A4D00273F82 /* Frameworks */,
				B9F878AA21CD2A4D00273F82 /* Resources */,
			);
			buildRules = (
			);
			dependencies = (
				B9F878B321CD2A4E00273F82 /* PBXTargetDependency */,
			);
			name = "Columbus-iOS-Tests";
			productName = ColumbusTests;
			productReference = B9F878AC21CD2A4D00273F82 /* Columbus-iOS-Tests.xctest */;
			productType = "com.apple.product-type.bundle.unit-test";
		};
/* End PBXNativeTarget section */

/* Begin PBXProject section */
		607FACC81AFB9204008FA782 /* Project object */ = {
			isa = PBXProject;
			attributes = {
				LastSwiftUpdateCheck = 1010;
				LastUpgradeCheck = 1250;
				ORGANIZATIONNAME = "Stefan Herold";
				TargetAttributes = {
					B94B1AF421CD38B400FF1B72 = {
						LastSwiftMigration = 1020;
					};
					B9DB81EE21D0E9F500A39677 = {
						LastSwiftMigration = 1020;
					};
					B9F8788221CD28A200273F82 = {
						CreatedOnToolsVersion = 10.1;
						LastSwiftMigration = 1020;
					};
					B9F878AB21CD2A4D00273F82 = {
						CreatedOnToolsVersion = 10.1;
						LastSwiftMigration = 1020;
					};
				};
			};
			buildConfigurationList = 607FACCB1AFB9204008FA782 /* Build configuration list for PBXProject "Columbus" */;
			compatibilityVersion = "Xcode 12.0";
			developmentRegion = en;
			hasScannedForEncodings = 0;
			knownRegions = (
				en,
				Base,
			);
			mainGroup = 607FACC71AFB9204008FA782;
			productRefGroup = 607FACD11AFB9204008FA782 /* Products */;
			projectDirPath = "";
			projectRoot = "";
			targets = (
				B9F8788221CD28A200273F82 /* Columbus-iOS */,
				B96D495921CD3DC20010E69B /* Resources-iOS */,
				B9F878AB21CD2A4D00273F82 /* Columbus-iOS-Tests */,
				B94B1AF421CD38B400FF1B72 /* Columbus-tvOS */,
				B9A4A66F21D145EB001FF5DC /* Resources-tvOS */,
				B9DB81EE21D0E9F500A39677 /* Columbus-tvOS-Tests */,
			);
		};
/* End PBXProject section */

/* Begin PBXResourcesBuildPhase section */
		B94B1B0121CD38B400FF1B72 /* Resources */ = {
			isa = PBXResourcesBuildPhase;
			buildActionMask = 2147483647;
			files = (
				B9A4A67D21D146A1001FF5DC /* Resources.bundle in Resources */,
			);
			runOnlyForDeploymentPostprocessing = 0;
		};
		B96D495C21CD3DC20010E69B /* Resources */ = {
			isa = PBXResourcesBuildPhase;
			buildActionMask = 2147483647;
			files = (
				B96D495D21CD3DC20010E69B /* Countries.json in Resources */,
			);
			runOnlyForDeploymentPostprocessing = 0;
		};
		B9A4A67221D145EB001FF5DC /* Resources */ = {
			isa = PBXResourcesBuildPhase;
			buildActionMask = 2147483647;
			files = (
				B9A4A67321D145EB001FF5DC /* Countries.json in Resources */,
			);
			runOnlyForDeploymentPostprocessing = 0;
		};
		B9DB81F721D0E9F500A39677 /* Resources */ = {
			isa = PBXResourcesBuildPhase;
			buildActionMask = 2147483647;
			files = (
			);
			runOnlyForDeploymentPostprocessing = 0;
		};
		B9F8788121CD28A200273F82 /* Resources */ = {
			isa = PBXResourcesBuildPhase;
			buildActionMask = 2147483647;
			files = (
				B9A4A65721D0F409001FF5DC /* Resources.bundle in Resources */,
			);
			runOnlyForDeploymentPostprocessing = 0;
		};
		B9F878AA21CD2A4D00273F82 /* Resources */ = {
			isa = PBXResourcesBuildPhase;
			buildActionMask = 2147483647;
			files = (
			);
			runOnlyForDeploymentPostprocessing = 0;
		};
/* End PBXResourcesBuildPhase section */

/* Begin PBXShellScriptBuildPhase section */
		B902956923E765D300269EA9 /* SwiftLint */ = {
			isa = PBXShellScriptBuildPhase;
			buildActionMask = 2147483647;
			files = (
			);
			inputFileListPaths = (
			);
			inputPaths = (
			);
			name = SwiftLint;
			outputFileListPaths = (
			);
			outputPaths = (
			);
			runOnlyForDeploymentPostprocessing = 0;
			shellPath = /bin/sh;
			shellScript = "if [ \"${CONFIGURATION}\" = \"Debug\" ]; then\n  mint run swiftlint\nfi\n";
		};
		B902956A23E7660100269EA9 /* SwiftLint */ = {
			isa = PBXShellScriptBuildPhase;
			buildActionMask = 2147483647;
			files = (
			);
			inputFileListPaths = (
			);
			inputPaths = (
			);
			name = SwiftLint;
			outputFileListPaths = (
			);
			outputPaths = (
			);
			runOnlyForDeploymentPostprocessing = 0;
			shellPath = /bin/sh;
			shellScript = "if [ \"${CONFIGURATION}\" = \"Debug\" ]; then\n  mint run swiftlint\nfi\n";
		};
/* End PBXShellScriptBuildPhase section */

/* Begin PBXSourcesBuildPhase section */
		B94B1AF821CD38B400FF1B72 /* Sources */ = {
			isa = PBXSourcesBuildPhase;
			buildActionMask = 2147483647;
			files = (
				B94B1AF921CD38B400FF1B72 /* Country.swift in Sources */,
				B9CAAB1525E1BEB4004BA1BF /* EmptyDecodable.swift in Sources */,
				B933820525CDE65900618FFD /* CustomTextField.swift in Sources */,
				B94B1AFA21CD38B400FF1B72 /* CountryList.swift in Sources */,
				B94B1AFB21CD38B400FF1B72 /* Configurable.swift in Sources */,
				B94B1AFC21CD38B400FF1B72 /* CountryCell.swift in Sources */,
				B905891E230233BC00491105 /* UIView+Subviews.swift in Sources */,
				B933818825CDD4F200618FFD /* CountryPickerViewController+DisplayState.swift in Sources */,
				B93D76E723E4A66600E41863 /* CustomSearchBar.swift in Sources */,
				B94B1AFD21CD38B400FF1B72 /* CountryPickerViewController.swift in Sources */,
				B94B1AFE21CD38B400FF1B72 /* ColumbusMain.swift in Sources */,
				B94B1AFF21CD38B400FF1B72 /* CountryView.swift in Sources */,
			);
			runOnlyForDeploymentPostprocessing = 0;
		};
		B96D495A21CD3DC20010E69B /* Sources */ = {
			isa = PBXSourcesBuildPhase;
			buildActionMask = 2147483647;
			files = (
			);
			runOnlyForDeploymentPostprocessing = 0;
		};
		B9A4A67021D145EB001FF5DC /* Sources */ = {
			isa = PBXSourcesBuildPhase;
			buildActionMask = 2147483647;
			files = (
			);
			runOnlyForDeploymentPostprocessing = 0;
		};
		B9DB81F221D0E9F500A39677 /* Sources */ = {
			isa = PBXSourcesBuildPhase;
			buildActionMask = 2147483647;
			files = (
				B9A4A65B21D0FC14001FF5DC /* ColumbusTests.swift in Sources */,
			);
			runOnlyForDeploymentPostprocessing = 0;
		};
		B9F8787F21CD28A200273F82 /* Sources */ = {
			isa = PBXSourcesBuildPhase;
			buildActionMask = 2147483647;
			files = (
				B9F8789D21CD28EC00273F82 /* Country.swift in Sources */,
				B9CAAB1425E1BEB4004BA1BF /* EmptyDecodable.swift in Sources */,
				B933820425CDE65900618FFD /* CustomTextField.swift in Sources */,
				B9F8789C21CD28EC00273F82 /* CountryList.swift in Sources */,
				B9F878A221CD28EC00273F82 /* Configurable.swift in Sources */,
				B9F878A121CD28EC00273F82 /* CountryCell.swift in Sources */,
				B905891D230233B800491105 /* UIView+Subviews.swift in Sources */,
				B933818725CDD4F200618FFD /* CountryPickerViewController+DisplayState.swift in Sources */,
				B93D76DD23E4691300E41863 /* CustomSearchBar.swift in Sources */,
				B9F878A021CD28EC00273F82 /* CountryPickerViewController.swift in Sources */,
				B9F8789E21CD28EC00273F82 /* ColumbusMain.swift in Sources */,
				B9F8789F21CD28EC00273F82 /* CountryView.swift in Sources */,
			);
			runOnlyForDeploymentPostprocessing = 0;
		};
		B9F878A821CD2A4D00273F82 /* Sources */ = {
			isa = PBXSourcesBuildPhase;
			buildActionMask = 2147483647;
			files = (
				B9A4A65A21D0FC14001FF5DC /* ColumbusTests.swift in Sources */,
			);
			runOnlyForDeploymentPostprocessing = 0;
		};
/* End PBXSourcesBuildPhase section */

/* Begin PBXTargetDependency section */
		B96D496521CD3E4C0010E69B /* PBXTargetDependency */ = {
			isa = PBXTargetDependency;
			target = B96D495921CD3DC20010E69B /* Resources-iOS */;
			targetProxy = B96D496421CD3E4C0010E69B /* PBXContainerItemProxy */;
		};
		B9A4A67F21D1483C001FF5DC /* PBXTargetDependency */ = {
			isa = PBXTargetDependency;
			target = B9A4A66F21D145EB001FF5DC /* Resources-tvOS */;
			targetProxy = B9A4A67E21D1483C001FF5DC /* PBXContainerItemProxy */;
		};
		B9DB81FF21D0EE7800A39677 /* PBXTargetDependency */ = {
			isa = PBXTargetDependency;
			target = B94B1AF421CD38B400FF1B72 /* Columbus-tvOS */;
			targetProxy = B9DB81FE21D0EE7800A39677 /* PBXContainerItemProxy */;
		};
		B9F878B321CD2A4E00273F82 /* PBXTargetDependency */ = {
			isa = PBXTargetDependency;
			target = B9F8788221CD28A200273F82 /* Columbus-iOS */;
			targetProxy = B9F878B221CD2A4E00273F82 /* PBXContainerItemProxy */;
		};
/* End PBXTargetDependency section */

/* Begin XCBuildConfiguration section */
		607FACED1AFB9204008FA782 /* Debug */ = {
			isa = XCBuildConfiguration;
			buildSettings = {
				ALWAYS_SEARCH_USER_PATHS = NO;
				CLANG_CXX_LANGUAGE_STANDARD = "gnu++0x";
				CLANG_CXX_LIBRARY = "libc++";
				CLANG_ENABLE_MODULES = YES;
				CLANG_ENABLE_OBJC_ARC = YES;
				CLANG_WARN_BLOCK_CAPTURE_AUTORELEASING = YES;
				CLANG_WARN_BOOL_CONVERSION = YES;
				CLANG_WARN_COMMA = YES;
				CLANG_WARN_CONSTANT_CONVERSION = YES;
				CLANG_WARN_DEPRECATED_OBJC_IMPLEMENTATIONS = YES;
				CLANG_WARN_DIRECT_OBJC_ISA_USAGE = YES_ERROR;
				CLANG_WARN_EMPTY_BODY = YES;
				CLANG_WARN_ENUM_CONVERSION = YES;
				CLANG_WARN_INFINITE_RECURSION = YES;
				CLANG_WARN_INT_CONVERSION = YES;
				CLANG_WARN_NON_LITERAL_NULL_CONVERSION = YES;
				CLANG_WARN_OBJC_IMPLICIT_RETAIN_SELF = YES;
				CLANG_WARN_OBJC_LITERAL_CONVERSION = YES;
				CLANG_WARN_OBJC_ROOT_CLASS = YES_ERROR;
				CLANG_WARN_QUOTED_INCLUDE_IN_FRAMEWORK_HEADER = YES;
				CLANG_WARN_RANGE_LOOP_ANALYSIS = YES;
				CLANG_WARN_STRICT_PROTOTYPES = YES;
				CLANG_WARN_SUSPICIOUS_MOVE = YES;
				CLANG_WARN_UNREACHABLE_CODE = YES;
				CLANG_WARN__DUPLICATE_METHOD_MATCH = YES;
				CODE_SIGN_IDENTITY = "";
				CODE_SIGN_STYLE = Manual;
				COPY_PHASE_STRIP = NO;
				DEBUG_INFORMATION_FORMAT = "dwarf-with-dsym";
				ENABLE_STRICT_OBJC_MSGSEND = YES;
				ENABLE_TESTABILITY = YES;
				GCC_C_LANGUAGE_STANDARD = gnu99;
				GCC_DYNAMIC_NO_PIC = NO;
				GCC_NO_COMMON_BLOCKS = YES;
				GCC_OPTIMIZATION_LEVEL = 0;
				GCC_PREPROCESSOR_DEFINITIONS = (
					"DEBUG=1",
					"$(inherited)",
				);
				GCC_SYMBOLS_PRIVATE_EXTERN = NO;
				GCC_WARN_64_TO_32_BIT_CONVERSION = YES;
				GCC_WARN_ABOUT_RETURN_TYPE = YES_ERROR;
				GCC_WARN_UNDECLARED_SELECTOR = YES;
				GCC_WARN_UNINITIALIZED_AUTOS = YES_AGGRESSIVE;
				GCC_WARN_UNUSED_FUNCTION = YES;
				GCC_WARN_UNUSED_VARIABLE = YES;
				IPHONEOS_DEPLOYMENT_TARGET = 11.0;
				MTL_ENABLE_DEBUG_INFO = YES;
				ONLY_ACTIVE_ARCH = YES;
				SWIFT_OPTIMIZATION_LEVEL = "-Onone";
				TVOS_DEPLOYMENT_TARGET = 11.0;
			};
			name = Debug;
		};
		607FACEE1AFB9204008FA782 /* Release */ = {
			isa = XCBuildConfiguration;
			buildSettings = {
				ALWAYS_SEARCH_USER_PATHS = NO;
				CLANG_CXX_LANGUAGE_STANDARD = "gnu++0x";
				CLANG_CXX_LIBRARY = "libc++";
				CLANG_ENABLE_MODULES = YES;
				CLANG_ENABLE_OBJC_ARC = YES;
				CLANG_WARN_BLOCK_CAPTURE_AUTORELEASING = YES;
				CLANG_WARN_BOOL_CONVERSION = YES;
				CLANG_WARN_COMMA = YES;
				CLANG_WARN_CONSTANT_CONVERSION = YES;
				CLANG_WARN_DEPRECATED_OBJC_IMPLEMENTATIONS = YES;
				CLANG_WARN_DIRECT_OBJC_ISA_USAGE = YES_ERROR;
				CLANG_WARN_EMPTY_BODY = YES;
				CLANG_WARN_ENUM_CONVERSION = YES;
				CLANG_WARN_INFINITE_RECURSION = YES;
				CLANG_WARN_INT_CONVERSION = YES;
				CLANG_WARN_NON_LITERAL_NULL_CONVERSION = YES;
				CLANG_WARN_OBJC_IMPLICIT_RETAIN_SELF = YES;
				CLANG_WARN_OBJC_LITERAL_CONVERSION = YES;
				CLANG_WARN_OBJC_ROOT_CLASS = YES_ERROR;
				CLANG_WARN_QUOTED_INCLUDE_IN_FRAMEWORK_HEADER = YES;
				CLANG_WARN_RANGE_LOOP_ANALYSIS = YES;
				CLANG_WARN_STRICT_PROTOTYPES = YES;
				CLANG_WARN_SUSPICIOUS_MOVE = YES;
				CLANG_WARN_UNREACHABLE_CODE = YES;
				CLANG_WARN__DUPLICATE_METHOD_MATCH = YES;
				CODE_SIGN_IDENTITY = "";
				CODE_SIGN_STYLE = Manual;
				COPY_PHASE_STRIP = YES;
				DEBUG_INFORMATION_FORMAT = "dwarf-with-dsym";
				ENABLE_NS_ASSERTIONS = NO;
				ENABLE_STRICT_OBJC_MSGSEND = YES;
				GCC_C_LANGUAGE_STANDARD = gnu99;
				GCC_NO_COMMON_BLOCKS = YES;
				GCC_WARN_64_TO_32_BIT_CONVERSION = YES;
				GCC_WARN_ABOUT_RETURN_TYPE = YES_ERROR;
				GCC_WARN_UNDECLARED_SELECTOR = YES;
				GCC_WARN_UNINITIALIZED_AUTOS = YES_AGGRESSIVE;
				GCC_WARN_UNUSED_FUNCTION = YES;
				GCC_WARN_UNUSED_VARIABLE = YES;
				IPHONEOS_DEPLOYMENT_TARGET = 11.0;
				MTL_ENABLE_DEBUG_INFO = NO;
				SWIFT_COMPILATION_MODE = wholemodule;
				SWIFT_OPTIMIZATION_LEVEL = "-O";
				TVOS_DEPLOYMENT_TARGET = 11.0;
				VALIDATE_PRODUCT = YES;
			};
			name = Release;
		};
		B94B1B0421CD38B400FF1B72 /* Debug */ = {
			isa = XCBuildConfiguration;
			buildSettings = {
				APPLICATION_EXTENSION_API_ONLY = YES;
				CLANG_ANALYZER_NONNULL = YES;
				CLANG_ANALYZER_NUMBER_OBJECT_CONVERSION = YES_AGGRESSIVE;
				CLANG_CXX_LANGUAGE_STANDARD = "gnu++14";
				CLANG_ENABLE_OBJC_WEAK = YES;
				CLANG_WARN_DOCUMENTATION_COMMENTS = YES;
				CLANG_WARN_UNGUARDED_AVAILABILITY = YES_AGGRESSIVE;
				CURRENT_PROJECT_VERSION = 27;
				DEBUG_INFORMATION_FORMAT = dwarf;
				DEFINES_MODULE = YES;
				DYLIB_COMPATIBILITY_VERSION = 1;
				DYLIB_CURRENT_VERSION = 27;
				DYLIB_INSTALL_NAME_BASE = "@rpath";
				GCC_C_LANGUAGE_STANDARD = gnu11;
				INFOPLIST_FILE = Source/Info.plist;
				INSTALL_PATH = "$(LOCAL_LIBRARY_DIR)/Frameworks";
				LD_RUNPATH_SEARCH_PATHS = (
					"$(inherited)",
					"@executable_path/Frameworks",
					"@loader_path/Frameworks",
				);
				MTL_ENABLE_DEBUG_INFO = INCLUDE_SOURCE;
				MTL_FAST_MATH = YES;
				PRODUCT_BUNDLE_IDENTIFIER = com.stherold.columbus;
				PRODUCT_MODULE_NAME = "$(PRODUCT_NAME:c99extidentifier)";
				PRODUCT_NAME = Columbus;
				SDKROOT = appletvos;
				SKIP_INSTALL = YES;
				SWIFT_ACTIVE_COMPILATION_CONDITIONS = DEBUG;
				SWIFT_VERSION = 5.0;
				VERSIONING_SYSTEM = "apple-generic";
				VERSION_INFO_PREFIX = "";
			};
			name = Debug;
		};
		B94B1B0521CD38B400FF1B72 /* Release */ = {
			isa = XCBuildConfiguration;
			buildSettings = {
				APPLICATION_EXTENSION_API_ONLY = YES;
				BUILD_LIBRARY_FOR_DISTRIBUTION = YES;
				CLANG_ANALYZER_NONNULL = YES;
				CLANG_ANALYZER_NUMBER_OBJECT_CONVERSION = YES_AGGRESSIVE;
				CLANG_CXX_LANGUAGE_STANDARD = "gnu++14";
				CLANG_ENABLE_OBJC_WEAK = YES;
				CLANG_WARN_DOCUMENTATION_COMMENTS = YES;
				CLANG_WARN_UNGUARDED_AVAILABILITY = YES_AGGRESSIVE;
				CURRENT_PROJECT_VERSION = 27;
				DEFINES_MODULE = YES;
				DYLIB_COMPATIBILITY_VERSION = 1;
				DYLIB_CURRENT_VERSION = 27;
				DYLIB_INSTALL_NAME_BASE = "@rpath";
				GCC_C_LANGUAGE_STANDARD = gnu11;
				INFOPLIST_FILE = Source/Info.plist;
				INSTALL_PATH = "$(LOCAL_LIBRARY_DIR)/Frameworks";
				LD_RUNPATH_SEARCH_PATHS = (
					"$(inherited)",
					"@executable_path/Frameworks",
					"@loader_path/Frameworks",
				);
				MTL_FAST_MATH = YES;
				PRODUCT_BUNDLE_IDENTIFIER = com.stherold.columbus;
				PRODUCT_MODULE_NAME = "$(PRODUCT_NAME:c99extidentifier)";
				PRODUCT_NAME = Columbus;
				SDKROOT = appletvos;
				SKIP_INSTALL = NO;
				SWIFT_VERSION = 5.0;
				VERSIONING_SYSTEM = "apple-generic";
				VERSION_INFO_PREFIX = "";
			};
			name = Release;
		};
		B96D496021CD3DC20010E69B /* Debug */ = {
			isa = XCBuildConfiguration;
			buildSettings = {
				CLANG_ANALYZER_NONNULL = YES;
				CLANG_ANALYZER_NUMBER_OBJECT_CONVERSION = YES_AGGRESSIVE;
				CLANG_CXX_LANGUAGE_STANDARD = "gnu++14";
				CLANG_ENABLE_OBJC_WEAK = YES;
				CLANG_WARN_DOCUMENTATION_COMMENTS = YES;
				CLANG_WARN_UNGUARDED_AVAILABILITY = YES_AGGRESSIVE;
				COMBINE_HIDPI_IMAGES = YES;
				DEBUG_INFORMATION_FORMAT = dwarf;
				GCC_C_LANGUAGE_STANDARD = gnu11;
				INFOPLIST_FILE = Source/Resources/Info.plist;
				INSTALL_PATH = "$(LOCAL_LIBRARY_DIR)/Bundles";
				MTL_ENABLE_DEBUG_INFO = INCLUDE_SOURCE;
				MTL_FAST_MATH = YES;
				PRODUCT_BUNDLE_IDENTIFIER = com.stherold.columbus.resources;
				PRODUCT_NAME = Resources;
				SDKROOT = iphoneos;
				SKIP_INSTALL = YES;
				WRAPPER_EXTENSION = bundle;
			};
			name = Debug;
		};
		B96D496121CD3DC20010E69B /* Release */ = {
			isa = XCBuildConfiguration;
			buildSettings = {
				CLANG_ANALYZER_NONNULL = YES;
				CLANG_ANALYZER_NUMBER_OBJECT_CONVERSION = YES_AGGRESSIVE;
				CLANG_CXX_LANGUAGE_STANDARD = "gnu++14";
				CLANG_ENABLE_OBJC_WEAK = YES;
				CLANG_WARN_DOCUMENTATION_COMMENTS = YES;
				CLANG_WARN_UNGUARDED_AVAILABILITY = YES_AGGRESSIVE;
				COMBINE_HIDPI_IMAGES = YES;
				GCC_C_LANGUAGE_STANDARD = gnu11;
				INFOPLIST_FILE = Source/Resources/Info.plist;
				INSTALL_PATH = "$(LOCAL_LIBRARY_DIR)/Bundles";
				MTL_FAST_MATH = YES;
				PRODUCT_BUNDLE_IDENTIFIER = com.stherold.columbus.resources;
				PRODUCT_NAME = Resources;
				SDKROOT = iphoneos;
				SKIP_INSTALL = YES;
				WRAPPER_EXTENSION = bundle;
			};
			name = Release;
		};
		B9A4A67621D145EB001FF5DC /* Debug */ = {
			isa = XCBuildConfiguration;
			buildSettings = {
				CLANG_ANALYZER_NONNULL = YES;
				CLANG_ANALYZER_NUMBER_OBJECT_CONVERSION = YES_AGGRESSIVE;
				CLANG_CXX_LANGUAGE_STANDARD = "gnu++14";
				CLANG_ENABLE_OBJC_WEAK = YES;
				CLANG_WARN_DOCUMENTATION_COMMENTS = YES;
				CLANG_WARN_UNGUARDED_AVAILABILITY = YES_AGGRESSIVE;
				COMBINE_HIDPI_IMAGES = YES;
				DEBUG_INFORMATION_FORMAT = dwarf;
				GCC_C_LANGUAGE_STANDARD = gnu11;
				INFOPLIST_FILE = Source/Resources/Info.plist;
				INSTALL_PATH = "$(LOCAL_LIBRARY_DIR)/Bundles";
				MTL_ENABLE_DEBUG_INFO = INCLUDE_SOURCE;
				MTL_FAST_MATH = YES;
				PRODUCT_BUNDLE_IDENTIFIER = com.stherold.columbus.resources;
				PRODUCT_NAME = Resources;
				SDKROOT = appletvos;
				SKIP_INSTALL = YES;
				WRAPPER_EXTENSION = bundle;
			};
			name = Debug;
		};
		B9A4A67721D145EB001FF5DC /* Release */ = {
			isa = XCBuildConfiguration;
			buildSettings = {
				CLANG_ANALYZER_NONNULL = YES;
				CLANG_ANALYZER_NUMBER_OBJECT_CONVERSION = YES_AGGRESSIVE;
				CLANG_CXX_LANGUAGE_STANDARD = "gnu++14";
				CLANG_ENABLE_OBJC_WEAK = YES;
				CLANG_WARN_DOCUMENTATION_COMMENTS = YES;
				CLANG_WARN_UNGUARDED_AVAILABILITY = YES_AGGRESSIVE;
				COMBINE_HIDPI_IMAGES = YES;
				GCC_C_LANGUAGE_STANDARD = gnu11;
				INFOPLIST_FILE = Source/Resources/Info.plist;
				INSTALL_PATH = "$(LOCAL_LIBRARY_DIR)/Bundles";
				MTL_FAST_MATH = YES;
				PRODUCT_BUNDLE_IDENTIFIER = com.stherold.columbus.resources;
				PRODUCT_NAME = Resources;
				SDKROOT = appletvos;
				SKIP_INSTALL = YES;
				WRAPPER_EXTENSION = bundle;
			};
			name = Release;
		};
		B9DB81FA21D0E9F500A39677 /* Debug */ = {
			isa = XCBuildConfiguration;
			buildSettings = {
				CLANG_ANALYZER_NONNULL = YES;
				CLANG_ANALYZER_NUMBER_OBJECT_CONVERSION = YES_AGGRESSIVE;
				CLANG_CXX_LANGUAGE_STANDARD = "gnu++14";
				CLANG_ENABLE_OBJC_WEAK = YES;
				CLANG_WARN_DOCUMENTATION_COMMENTS = YES;
				CLANG_WARN_UNGUARDED_AVAILABILITY = YES_AGGRESSIVE;
				DEBUG_INFORMATION_FORMAT = dwarf;
				GCC_C_LANGUAGE_STANDARD = gnu11;
				INFOPLIST_FILE = Tests/Info.plist;
				LD_RUNPATH_SEARCH_PATHS = (
					"$(inherited)",
					"@executable_path/Frameworks",
					"@loader_path/Frameworks",
				);
				MTL_ENABLE_DEBUG_INFO = INCLUDE_SOURCE;
				MTL_FAST_MATH = YES;
				PRODUCT_BUNDLE_IDENTIFIER = com.stefanherold.ColumbusTests;
				PRODUCT_NAME = "$(TARGET_NAME)";
				SDKROOT = appletvos;
				SWIFT_ACTIVE_COMPILATION_CONDITIONS = DEBUG;
				SWIFT_VERSION = 5.0;
			};
			name = Debug;
		};
		B9DB81FB21D0E9F500A39677 /* Release */ = {
			isa = XCBuildConfiguration;
			buildSettings = {
				CLANG_ANALYZER_NONNULL = YES;
				CLANG_ANALYZER_NUMBER_OBJECT_CONVERSION = YES_AGGRESSIVE;
				CLANG_CXX_LANGUAGE_STANDARD = "gnu++14";
				CLANG_ENABLE_OBJC_WEAK = YES;
				CLANG_WARN_DOCUMENTATION_COMMENTS = YES;
				CLANG_WARN_UNGUARDED_AVAILABILITY = YES_AGGRESSIVE;
				GCC_C_LANGUAGE_STANDARD = gnu11;
				INFOPLIST_FILE = Tests/Info.plist;
				LD_RUNPATH_SEARCH_PATHS = (
					"$(inherited)",
					"@executable_path/Frameworks",
					"@loader_path/Frameworks",
				);
				MTL_FAST_MATH = YES;
				PRODUCT_BUNDLE_IDENTIFIER = com.stefanherold.ColumbusTests;
				PRODUCT_NAME = "$(TARGET_NAME)";
				SDKROOT = appletvos;
				SWIFT_VERSION = 5.0;
			};
			name = Release;
		};
		B9F8788921CD28A200273F82 /* Debug */ = {
			isa = XCBuildConfiguration;
			buildSettings = {
				APPLICATION_EXTENSION_API_ONLY = YES;
				CLANG_ANALYZER_NONNULL = YES;
				CLANG_ANALYZER_NUMBER_OBJECT_CONVERSION = YES_AGGRESSIVE;
				CLANG_CXX_LANGUAGE_STANDARD = "gnu++14";
				CLANG_ENABLE_OBJC_WEAK = YES;
				CLANG_WARN_DOCUMENTATION_COMMENTS = YES;
				CLANG_WARN_UNGUARDED_AVAILABILITY = YES_AGGRESSIVE;
				CURRENT_PROJECT_VERSION = 27;
				DEBUG_INFORMATION_FORMAT = dwarf;
				DEFINES_MODULE = YES;
				DYLIB_COMPATIBILITY_VERSION = 1;
				DYLIB_CURRENT_VERSION = 27;
				DYLIB_INSTALL_NAME_BASE = "@rpath";
				GCC_C_LANGUAGE_STANDARD = gnu11;
				INFOPLIST_FILE = Source/Info.plist;
				INSTALL_PATH = "$(LOCAL_LIBRARY_DIR)/Frameworks";
				LD_RUNPATH_SEARCH_PATHS = (
					"$(inherited)",
					"@executable_path/Frameworks",
					"@loader_path/Frameworks",
				);
				MTL_ENABLE_DEBUG_INFO = INCLUDE_SOURCE;
				MTL_FAST_MATH = YES;
				PRODUCT_BUNDLE_IDENTIFIER = com.stherold.columbus;
				PRODUCT_MODULE_NAME = "$(PRODUCT_NAME:c99extidentifier)";
				PRODUCT_NAME = Columbus;
				SDKROOT = iphoneos;
				SKIP_INSTALL = YES;
				SWIFT_ACTIVE_COMPILATION_CONDITIONS = DEBUG;
				SWIFT_VERSION = 5.0;
				TARGETED_DEVICE_FAMILY = "1,2";
				VERSIONING_SYSTEM = "apple-generic";
				VERSION_INFO_PREFIX = "";
			};
			name = Debug;
		};
		B9F8788A21CD28A200273F82 /* Release */ = {
			isa = XCBuildConfiguration;
			buildSettings = {
				APPLICATION_EXTENSION_API_ONLY = YES;
				BUILD_LIBRARY_FOR_DISTRIBUTION = YES;
				CLANG_ANALYZER_NONNULL = YES;
				CLANG_ANALYZER_NUMBER_OBJECT_CONVERSION = YES_AGGRESSIVE;
				CLANG_CXX_LANGUAGE_STANDARD = "gnu++14";
				CLANG_ENABLE_OBJC_WEAK = YES;
				CLANG_WARN_DOCUMENTATION_COMMENTS = YES;
				CLANG_WARN_UNGUARDED_AVAILABILITY = YES_AGGRESSIVE;
				CURRENT_PROJECT_VERSION = 27;
				DEFINES_MODULE = YES;
				DYLIB_COMPATIBILITY_VERSION = 1;
				DYLIB_CURRENT_VERSION = 27;
				DYLIB_INSTALL_NAME_BASE = "@rpath";
				GCC_C_LANGUAGE_STANDARD = gnu11;
				INFOPLIST_FILE = Source/Info.plist;
				INSTALL_PATH = "$(LOCAL_LIBRARY_DIR)/Frameworks";
				LD_RUNPATH_SEARCH_PATHS = (
					"$(inherited)",
					"@executable_path/Frameworks",
					"@loader_path/Frameworks",
				);
				MTL_FAST_MATH = YES;
				PRODUCT_BUNDLE_IDENTIFIER = com.stherold.columbus;
				PRODUCT_MODULE_NAME = "$(PRODUCT_NAME:c99extidentifier)";
				PRODUCT_NAME = Columbus;
				SDKROOT = iphoneos;
				SKIP_INSTALL = NO;
				SWIFT_VERSION = 5.0;
				TARGETED_DEVICE_FAMILY = "1,2";
				VERSIONING_SYSTEM = "apple-generic";
				VERSION_INFO_PREFIX = "";
			};
			name = Release;
		};
		B9F878B521CD2A4E00273F82 /* Debug */ = {
			isa = XCBuildConfiguration;
			buildSettings = {
				CLANG_ANALYZER_NONNULL = YES;
				CLANG_ANALYZER_NUMBER_OBJECT_CONVERSION = YES_AGGRESSIVE;
				CLANG_CXX_LANGUAGE_STANDARD = "gnu++14";
				CLANG_ENABLE_OBJC_WEAK = YES;
				CLANG_WARN_DOCUMENTATION_COMMENTS = YES;
				CLANG_WARN_UNGUARDED_AVAILABILITY = YES_AGGRESSIVE;
				DEBUG_INFORMATION_FORMAT = dwarf;
				GCC_C_LANGUAGE_STANDARD = gnu11;
				INFOPLIST_FILE = Tests/Info.plist;
				LD_RUNPATH_SEARCH_PATHS = (
					"$(inherited)",
					"@executable_path/Frameworks",
					"@loader_path/Frameworks",
				);
				MTL_ENABLE_DEBUG_INFO = INCLUDE_SOURCE;
				MTL_FAST_MATH = YES;
				PRODUCT_BUNDLE_IDENTIFIER = com.stefanherold.ColumbusTests;
				PRODUCT_NAME = "$(TARGET_NAME)";
				SDKROOT = iphoneos;
				SWIFT_ACTIVE_COMPILATION_CONDITIONS = DEBUG;
				SWIFT_VERSION = 5.0;
				TARGETED_DEVICE_FAMILY = "1,2";
			};
			name = Debug;
		};
		B9F878B621CD2A4E00273F82 /* Release */ = {
			isa = XCBuildConfiguration;
			buildSettings = {
				CLANG_ANALYZER_NONNULL = YES;
				CLANG_ANALYZER_NUMBER_OBJECT_CONVERSION = YES_AGGRESSIVE;
				CLANG_CXX_LANGUAGE_STANDARD = "gnu++14";
				CLANG_ENABLE_OBJC_WEAK = YES;
				CLANG_WARN_DOCUMENTATION_COMMENTS = YES;
				CLANG_WARN_UNGUARDED_AVAILABILITY = YES_AGGRESSIVE;
				GCC_C_LANGUAGE_STANDARD = gnu11;
				INFOPLIST_FILE = Tests/Info.plist;
				LD_RUNPATH_SEARCH_PATHS = (
					"$(inherited)",
					"@executable_path/Frameworks",
					"@loader_path/Frameworks",
				);
				MTL_FAST_MATH = YES;
				PRODUCT_BUNDLE_IDENTIFIER = com.stefanherold.ColumbusTests;
				PRODUCT_NAME = "$(TARGET_NAME)";
				SDKROOT = iphoneos;
				SWIFT_VERSION = 5.0;
				TARGETED_DEVICE_FAMILY = "1,2";
			};
			name = Release;
		};
/* End XCBuildConfiguration section */

/* Begin XCConfigurationList section */
		607FACCB1AFB9204008FA782 /* Build configuration list for PBXProject "Columbus" */ = {
			isa = XCConfigurationList;
			buildConfigurations = (
				607FACED1AFB9204008FA782 /* Debug */,
				607FACEE1AFB9204008FA782 /* Release */,
			);
			defaultConfigurationIsVisible = 0;
			defaultConfigurationName = Release;
		};
		B94B1B0321CD38B400FF1B72 /* Build configuration list for PBXNativeTarget "Columbus-tvOS" */ = {
			isa = XCConfigurationList;
			buildConfigurations = (
				B94B1B0421CD38B400FF1B72 /* Debug */,
				B94B1B0521CD38B400FF1B72 /* Release */,
			);
			defaultConfigurationIsVisible = 0;
			defaultConfigurationName = Release;
		};
		B96D495F21CD3DC20010E69B /* Build configuration list for PBXNativeTarget "Resources-iOS" */ = {
			isa = XCConfigurationList;
			buildConfigurations = (
				B96D496021CD3DC20010E69B /* Debug */,
				B96D496121CD3DC20010E69B /* Release */,
			);
			defaultConfigurationIsVisible = 0;
			defaultConfigurationName = Release;
		};
		B9A4A67521D145EB001FF5DC /* Build configuration list for PBXNativeTarget "Resources-tvOS" */ = {
			isa = XCConfigurationList;
			buildConfigurations = (
				B9A4A67621D145EB001FF5DC /* Debug */,
				B9A4A67721D145EB001FF5DC /* Release */,
			);
			defaultConfigurationIsVisible = 0;
			defaultConfigurationName = Release;
		};
		B9DB81F921D0E9F500A39677 /* Build configuration list for PBXNativeTarget "Columbus-tvOS-Tests" */ = {
			isa = XCConfigurationList;
			buildConfigurations = (
				B9DB81FA21D0E9F500A39677 /* Debug */,
				B9DB81FB21D0E9F500A39677 /* Release */,
			);
			defaultConfigurationIsVisible = 0;
			defaultConfigurationName = Release;
		};
		B9F8788821CD28A200273F82 /* Build configuration list for PBXNativeTarget "Columbus-iOS" */ = {
			isa = XCConfigurationList;
			buildConfigurations = (
				B9F8788921CD28A200273F82 /* Debug */,
				B9F8788A21CD28A200273F82 /* Release */,
			);
			defaultConfigurationIsVisible = 0;
			defaultConfigurationName = Release;
		};
		B9F878B421CD2A4E00273F82 /* Build configuration list for PBXNativeTarget "Columbus-iOS-Tests" */ = {
			isa = XCConfigurationList;
			buildConfigurations = (
				B9F878B521CD2A4E00273F82 /* Debug */,
				B9F878B621CD2A4E00273F82 /* Release */,
			);
			defaultConfigurationIsVisible = 0;
			defaultConfigurationName = Release;
		};
/* End XCConfigurationList section */
	};
	rootObject = 607FACC81AFB9204008FA782 /* Project object */;
}
